
Microsoft Visual Studio Solution File, Format Version 12.00
# Visual Studio Version 16
VisualStudioVersion = 16.0.31112.23
MinimumVisualStudioVersion = 10.0.40219.1
Project("{FAE04EC0-301F-11D3-BF4B-00C04F79EFBC}") = "Searchings", "Searchings.csproj", "{AB62CDEF-912A-4F78-A56B-01BC91AE0AA0}"
EndProject
Global
	GlobalSection(SolutionConfigurationPlatforms) = preSolution
		Debug|Any CPU = Debug|Any CPU
		Release|Any CPU = Release|Any CPU
	EndGlobalSection
	GlobalSection(ProjectConfigurationPlatforms) = postSolution
		{AB62CDEF-912A-4F78-A56B-01BC91AE0AA0}.Debug|Any CPU.ActiveCfg = Debug|Any CPU
		{AB62CDEF-912A-4F78-A56B-01BC91AE0AA0}.Debug|Any CPU.Build.0 = Debug|Any CPU
		{AB62CDEF-912A-4F78-A56B-01BC91AE0AA0}.Release|Any CPU.ActiveCfg = Release|Any CPU
		{AB62CDEF-912A-4F78-A56B-01BC91AE0AA0}.Release|Any CPU.Build.0 = Release|Any CPU
	EndGlobalSection
	GlobalSection(SolutionProperties) = preSolution
		HideSolutionNode = FALSE
	EndGlobalSection
	GlobalSection(ExtensibilityGlobals) = postSolution
		SolutionGuid = {CAFFFC91-E3EE-446A-8B33-99326DFC060C}
	EndGlobalSection
EndGlobal
